<?xml version="1.0" encoding="UTF-8" standalone="yes" ?>
<CodeBlocks_project_file>
	<FileVersion major="1" minor="6" />
	<Project>
		<Option title="myXXD+" />
		<Option pch_mode="2" />
		<Option compiler="mingw_gcc_142-ucrt-32bit" />
		<Build>
			<Target title="Release">
				<Option output="bin/myXXD" prefix_auto="1" extension_auto="1" />
				<Option working_dir="bin/" />
				<Option object_output="obj/" />
				<Option type="1" />
				<Option compiler="gcc-14-ucrt-64" />
				<Compiler>
					<Add option="-O2" />
				</Compiler>
				<Linker>
					<Add option="-s" />
					<Add library="bin/libres.a" />
					<Add library="obj/icon.res" />
				</Linker>
			</Target>
		</Build>
		<Compiler>
			<Add option="-Wall" />
			<Add option="-fexceptions" />
		</Compiler>
		<Unit filename="bin/allRes.h" />
		<Unit filename="doc.txt" />
		<Unit filename="sources/config.h" />
		<Unit filename="sources/debug.h" />
		<Unit filename="sources/files-cargo.h" />
		<Unit filename="sources/files2code.h" />
		<Unit filename="sources/files2codeIndex.h" />
		<Unit filename="sources/main.cpp" />
		<Unit filename="sources/myl.h" />
		<Unit filename="sources/res/allRes.cpp" />
		<Unit filename="sources/res/allRes.h" />
		<Extensions>
			<lib_finder disable_auto="1" />
		</Extensions>
	</Project>
</CodeBlocks_project_file>
